
Microsoft Visual Studio Solution File, Format Version 12.00
# Visual Studio Version 16
VisualStudioVersion = 16.0.31624.102
MinimumVisualStudioVersion = 10.0.40219.1
Project("{FAE04EC0-301F-11D3-BF4B-00C04F79EFBC}") = "PLCDemo", "PLCDemo\PLCDemo.csproj", "{AC6F9A6A-D407-475D-B665-24CBAF977BAC}"
EndProject
Global
	GlobalSection(SolutionConfigurationPlatforms) = preSolution
		Debug|Any CPU = Debug|Any CPU
		Release|Any CPU = Release|Any CPU
	EndGlobalSection
	GlobalSection(ProjectConfigurationPlatforms) = postSolution
		{AC6F9A6A-D407-475D-B665-24CBAF977BAC}.Debug|Any CPU.ActiveCfg = Debug|Any CPU
		{AC6F9A6A-D407-475D-B665-24CBAF977BAC}.Debug|Any CPU.Build.0 = Debug|Any CPU
		{AC6F9A6A-D407-475D-B665-24CBAF977BAC}.Release|Any CPU.ActiveCfg = Release|Any CPU
		{AC6F9A6A-D407-475D-B665-24CBAF977BAC}.Release|Any CPU.Build.0 = Release|Any CPU
	EndGlobalSection
	GlobalSection(SolutionProperties) = preSolution
		HideSolutionNode = FALSE
	EndGlobalSection
	GlobalSection(ExtensibilityGlobals) = postSolution
		SolutionGuid = {CF117ACC-58A8-4051-8F31-6A947274ECD3}
	EndGlobalSection
EndGlobal
